
Microsoft Visual Studio Solution File, Format Version 12.00
# Visual Studio Version 17
VisualStudioVersion = 17.2.32526.322
MinimumVisualStudioVersion = 10.0.40219.1
Project("{FAE04EC0-301F-11D3-BF4B-00C04F79EFBC}") = "EfCore.Console", "EfCore.Console\EfCore.Console.csproj", "{5F1D3CC9-A057-4C66-B837-956967CF2F83}"
EndProject
Global
	GlobalSection(SolutionConfigurationPlatforms) = preSolution
		Debug|Any CPU = Debug|Any CPU
		Release|Any CPU = Release|Any CPU
	EndGlobalSection
	GlobalSection(ProjectConfigurationPlatforms) = postSolution
		{5F1D3CC9-A057-4C66-B837-956967CF2F83}.Debug|Any CPU.ActiveCfg = Debug|Any CPU
		{5F1D3CC9-A057-4C66-B837-956967CF2F83}.Debug|Any CPU.Build.0 = Debug|Any CPU
		{5F1D3CC9-A057-4C66-B837-956967CF2F83}.Release|Any CPU.ActiveCfg = Release|Any CPU
		{5F1D3CC9-A057-4C66-B837-956967CF2F83}.Release|Any CPU.Build.0 = Release|Any CPU
	EndGlobalSection
	GlobalSection(SolutionProperties) = preSolution
		HideSolutionNode = FALSE
	EndGlobalSection
	GlobalSection(ExtensibilityGlobals) = postSolution
		SolutionGuid = {B0AD1207-CB9A-4AC6-B148-7510A30F9042}
	EndGlobalSection
EndGlobal
